{
  "name": "vue-mobile-scaffold",
  "version": "1.0.0",
  "dependencies": {
    "accepts": {
      "version": "1.3.3",
      "from": "accepts@>=1.3.3 <1.4.0",
      "resolved": "https://registry.npm.taobao.org/accepts/download/accepts-1.3.3.tgz"
    },
    "arr-diff": {
      "version": "2.0.0",
      "from": "arr-diff@>=2.0.0 <3.0.0",
      "resolved": "https://registry.npmjs.org/arr-diff/-/arr-diff-2.0.0.tgz"
    },
    "arr-flatten": {
      "version": "1.1.0",
      "from": "arr-flatten@>=1.0.1 <2.0.0",
      "resolved": "https://registry.npm.taobao.org/arr-flatten/download/arr-flatten-1.1.0.tgz"
    },
    "array-flatten": {
      "version": "1.1.1",
      "from": "array-flatten@1.1.1",
      "resolved": "https://registry.npm.taobao.org/array-flatten/download/array-flatten-1.1.1.tgz"
    },
    "array-unique": {
      "version": "0.2.1",
      "from": "array-unique@>=0.2.1 <0.3.0",
      "resolved": "https://registry.npmjs.org/array-unique/-/array-unique-0.2.1.tgz"
    },
    "axios": {
      "version": "0.16.2",
      "from": "axios@>=0.16.2 <0.17.0",
      "resolved": "https://registry.npm.taobao.org/axios/download/axios-0.16.2.tgz"
    },
    "braces": {
      "version": "1.8.5",
      "from": "braces@>=1.8.2 <2.0.0",
      "resolved": "https://registry.npmjs.org/braces/-/braces-1.8.5.tgz"
    },
    "bytes": {
      "version": "2.5.0",
      "from": "bytes@2.5.0",
      "resolved": "https://registry.npm.taobao.org/bytes/download/bytes-2.5.0.tgz"
    },
    "camelize": {
      "version": "1.0.0",
      "from": "camelize@1.0.0",
      "resolved": "https://registry.npm.taobao.org/camelize/download/camelize-1.0.0.tgz"
    },
    "compressible": {
      "version": "2.0.11",
      "from": "compressible@>=2.0.10 <2.1.0",
      "resolved": "https://registry.npm.taobao.org/compressible/download/compressible-2.0.11.tgz"
    },
    "compression": {
      "version": "1.7.0",
      "from": "compression@latest",
      "resolved": "https://registry.npm.taobao.org/compression/download/compression-1.7.0.tgz"
    },
    "connect": {
      "version": "3.6.2",
      "from": "connect@3.6.2",
      "resolved": "https://registry.npm.taobao.org/connect/download/connect-3.6.2.tgz",
      "dependencies": {
        "debug": {
          "version": "2.6.7",
          "from": "debug@2.6.7",
          "resolved": "https://registry.npm.taobao.org/debug/download/debug-2.6.7.tgz"
        }
      }
    },
    "content-disposition": {
      "version": "0.5.2",
      "from": "content-disposition@0.5.2",
      "resolved": "https://registry.npm.taobao.org/content-disposition/download/content-disposition-0.5.2.tgz"
    },
    "content-security-policy-builder": {
      "version": "1.1.0",
      "from": "content-security-policy-builder@1.1.0",
      "resolved": "https://registry.npm.taobao.org/content-security-policy-builder/download/content-security-policy-builder-1.1.0.tgz"
    },
    "content-type": {
      "version": "1.0.2",
      "from": "content-type@>=1.0.2 <1.1.0",
      "resolved": "https://registry.npm.taobao.org/content-type/download/content-type-1.0.2.tgz"
    },
    "cookie": {
      "version": "0.3.1",
      "from": "cookie@0.3.1",
      "resolved": "https://registry.npm.taobao.org/cookie/download/cookie-0.3.1.tgz"
    },
    "cookie-signature": {
      "version": "1.0.6",
      "from": "cookie-signature@1.0.6",
      "resolved": "https://registry.npm.taobao.org/cookie-signature/download/cookie-signature-1.0.6.tgz"
    },
    "cycle": {
      "version": "1.0.3",
      "from": "cycle@>=1.0.0 <1.1.0",
      "resolved": "https://registry.npm.taobao.org/cycle/download/cycle-1.0.3.tgz"
    },
    "dasherize": {
      "version": "2.0.0",
      "from": "dasherize@2.0.0",
      "resolved": "https://registry.npm.taobao.org/dasherize/download/dasherize-2.0.0.tgz"
    },
    "dashify": {
      "version": "0.2.2",
      "from": "dashify@>=0.2.0 <0.3.0",
      "resolved": "https://registry.npm.taobao.org/dashify/download/dashify-0.2.2.tgz"
    },
    "debug": {
      "version": "2.6.8",
      "from": "debug@>=2.4.5 <3.0.0",
      "resolved": "https://registry.npm.taobao.org/debug/download/debug-2.6.8.tgz"
    },
    "depd": {
      "version": "1.1.1",
      "from": "depd@>=1.1.0 <1.2.0",
      "resolved": "https://registry.npm.taobao.org/depd/download/depd-1.1.1.tgz"
    },
    "destroy": {
      "version": "1.0.4",
      "from": "destroy@>=1.0.4 <1.1.0",
      "resolved": "https://registry.npm.taobao.org/destroy/download/destroy-1.0.4.tgz"
    },
    "dns-prefetch-control": {
      "version": "0.1.0",
      "from": "dns-prefetch-control@0.1.0",
      "resolved": "https://registry.npm.taobao.org/dns-prefetch-control/download/dns-prefetch-control-0.1.0.tgz"
    },
    "dont-sniff-mimetype": {
      "version": "1.0.0",
      "from": "dont-sniff-mimetype@1.0.0",
      "resolved": "https://registry.npm.taobao.org/dont-sniff-mimetype/download/dont-sniff-mimetype-1.0.0.tgz"
    },
    "ee-first": {
      "version": "1.1.1",
      "from": "ee-first@1.1.1",
      "resolved": "https://registry.npm.taobao.org/ee-first/download/ee-first-1.1.1.tgz"
    },
    "encodeurl": {
      "version": "1.0.1",
      "from": "encodeurl@>=1.0.1 <1.1.0",
      "resolved": "https://registry.npm.taobao.org/encodeurl/download/encodeurl-1.0.1.tgz"
    },
    "es6-promise": {
      "version": "4.1.1",
      "from": "es6-promise@>=4.1.1 <5.0.0",
      "resolved": "https://registry.npm.taobao.org/es6-promise/download/es6-promise-4.1.1.tgz"
    },
    "escape-html": {
      "version": "1.0.3",
      "from": "escape-html@>=1.0.3 <1.1.0",
      "resolved": "https://registry.npm.taobao.org/escape-html/download/escape-html-1.0.3.tgz"
    },
    "etag": {
      "version": "1.8.0",
      "from": "etag@>=1.8.0 <1.9.0",
      "resolved": "https://registry.npm.taobao.org/etag/download/etag-1.8.0.tgz"
    },
    "eventemitter3": {
      "version": "1.2.0",
      "from": "eventemitter3@>=1.0.0 <2.0.0",
      "resolved": "https://registry.npm.taobao.org/eventemitter3/download/eventemitter3-1.2.0.tgz"
    },
    "expand-brackets": {
      "version": "0.1.5",
      "from": "expand-brackets@>=0.1.4 <0.2.0",
      "resolved": "https://registry.npmjs.org/expand-brackets/-/expand-brackets-0.1.5.tgz"
    },
    "expand-range": {
      "version": "1.8.2",
      "from": "expand-range@>=1.8.1 <2.0.0",
      "resolved": "https://registry.npmjs.org/expand-range/-/expand-range-1.8.2.tgz"
    },
    "expect-ct": {
      "version": "0.1.0",
      "from": "expect-ct@0.1.0",
      "resolved": "https://registry.npm.taobao.org/expect-ct/download/expect-ct-0.1.0.tgz"
    },
    "express": {
      "version": "4.15.3",
      "from": "express@>=4.14.1 <5.0.0",
      "resolved": "https://registry.npm.taobao.org/express/download/express-4.15.3.tgz",
      "dependencies": {
        "debug": {
          "version": "2.6.7",
          "from": "debug@2.6.7",
          "resolved": "https://registry.npm.taobao.org/debug/download/debug-2.6.7.tgz"
        }
      }
    },
    "express-winston": {
      "version": "2.4.0",
      "from": "express-winston@latest",
      "resolved": "https://registry.npm.taobao.org/express-winston/download/express-winston-2.4.0.tgz",
      "dependencies": {
        "ansi-styles": {
          "version": "1.0.0",
          "from": "ansi-styles@>=1.0.0 <1.1.0",
          "resolved": "https://registry.npm.taobao.org/ansi-styles/download/ansi-styles-1.0.0.tgz"
        },
        "chalk": {
          "version": "0.4.0",
          "from": "chalk@>=0.4.0 <0.5.0",
          "resolved": "https://registry.npm.taobao.org/chalk/download/chalk-0.4.0.tgz"
        },
        "lodash": {
          "version": "4.11.2",
          "from": "lodash@>=4.11.1 <4.12.0",
          "resolved": "https://registry.npm.taobao.org/lodash/download/lodash-4.11.2.tgz"
        },
        "strip-ansi": {
          "version": "0.1.1",
          "from": "strip-ansi@>=0.1.0 <0.2.0",
          "resolved": "https://registry.npm.taobao.org/strip-ansi/download/strip-ansi-0.1.1.tgz"
        }
      }
    },
    "extglob": {
      "version": "0.3.2",
      "from": "extglob@>=0.3.1 <0.4.0",
      "resolved": "https://registry.npmjs.org/extglob/-/extglob-0.3.2.tgz",
      "dependencies": {
        "is-extglob": {
          "version": "1.0.0",
          "from": "is-extglob@>=1.0.0 <2.0.0",
          "resolved": "https://registry.npmjs.org/is-extglob/-/is-extglob-1.0.0.tgz"
        }
      }
    },
    "eyes": {
      "version": "0.1.8",
      "from": "eyes@>=0.1.0 <0.2.0",
      "resolved": "https://registry.npm.taobao.org/eyes/download/eyes-0.1.8.tgz"
    },
    "filename-regex": {
      "version": "2.0.1",
      "from": "filename-regex@>=2.0.0 <3.0.0",
      "resolved": "https://registry.npm.taobao.org/filename-regex/download/filename-regex-2.0.1.tgz"
    },
    "fill-range": {
      "version": "2.2.3",
      "from": "fill-range@>=2.1.0 <3.0.0",
      "resolved": "https://registry.npmjs.org/fill-range/-/fill-range-2.2.3.tgz"
    },
    "finalhandler": {
      "version": "1.0.3",
      "from": "finalhandler@>=1.0.3 <1.1.0",
      "resolved": "https://registry.npm.taobao.org/finalhandler/download/finalhandler-1.0.3.tgz",
      "dependencies": {
        "debug": {
          "version": "2.6.7",
          "from": "debug@2.6.7",
          "resolved": "https://registry.npm.taobao.org/debug/download/debug-2.6.7.tgz"
        }
      }
    },
    "follow-redirects": {
      "version": "1.2.4",
      "from": "follow-redirects@>=1.2.3 <2.0.0",
      "resolved": "https://registry.npm.taobao.org/follow-redirects/download/follow-redirects-1.2.4.tgz"
    },
    "for-in": {
      "version": "1.0.2",
      "from": "for-in@>=1.0.1 <2.0.0",
      "resolved": "https://registry.npm.taobao.org/for-in/download/for-in-1.0.2.tgz"
    },
    "for-own": {
      "version": "0.1.5",
      "from": "for-own@>=0.1.4 <0.2.0",
      "resolved": "https://registry.npm.taobao.org/for-own/download/for-own-0.1.5.tgz"
    },
    "forwarded": {
      "version": "0.1.0",
      "from": "forwarded@>=0.1.0 <0.2.0",
      "resolved": "https://registry.npm.taobao.org/forwarded/download/forwarded-0.1.0.tgz"
    },
    "frameguard": {
      "version": "3.0.0",
      "from": "frameguard@3.0.0",
      "resolved": "https://registry.npm.taobao.org/frameguard/download/frameguard-3.0.0.tgz"
    },
    "fresh": {
      "version": "0.5.0",
      "from": "fresh@0.5.0",
      "resolved": "https://registry.npm.taobao.org/fresh/download/fresh-0.5.0.tgz"
    },
    "glob-base": {
      "version": "0.3.0",
      "from": "glob-base@>=0.3.0 <0.4.0",
      "resolved": "https://registry.npmjs.org/glob-base/-/glob-base-0.3.0.tgz",
      "dependencies": {
        "is-extglob": {
          "version": "1.0.0",
          "from": "is-extglob@>=1.0.0 <2.0.0",
          "resolved": "https://registry.npmjs.org/is-extglob/-/is-extglob-1.0.0.tgz"
        },
        "is-glob": {
          "version": "2.0.1",
          "from": "is-glob@>=2.0.0 <3.0.0",
          "resolved": "https://registry.npmjs.org/is-glob/-/is-glob-2.0.1.tgz"
        }
      }
    },
    "glob-parent": {
      "version": "2.0.0",
      "from": "glob-parent@>=2.0.0 <3.0.0",
      "resolved": "https://registry.npmjs.org/glob-parent/-/glob-parent-2.0.0.tgz",
      "dependencies": {
        "is-extglob": {
          "version": "1.0.0",
          "from": "is-extglob@>=1.0.0 <2.0.0",
          "resolved": "https://registry.npmjs.org/is-extglob/-/is-extglob-1.0.0.tgz"
        },
        "is-glob": {
          "version": "2.0.1",
          "from": "is-glob@>=2.0.0 <3.0.0",
          "resolved": "https://registry.npmjs.org/is-glob/-/is-glob-2.0.1.tgz"
        }
      }
    },
    "has-color": {
      "version": "0.1.7",
      "from": "has-color@>=0.1.0 <0.2.0",
      "resolved": "https://registry.npm.taobao.org/has-color/download/has-color-0.1.7.tgz"
    },
    "helmet": {
      "version": "3.8.1",
      "from": "helmet@latest",
      "resolved": "https://registry.npm.taobao.org/helmet/download/helmet-3.8.1.tgz"
    },
    "helmet-csp": {
      "version": "2.5.1",
      "from": "helmet-csp@2.5.1",
      "resolved": "https://registry.npm.taobao.org/helmet-csp/download/helmet-csp-2.5.1.tgz"
    },
    "hide-powered-by": {
      "version": "1.0.0",
      "from": "hide-powered-by@1.0.0",
      "resolved": "https://registry.npm.taobao.org/hide-powered-by/download/hide-powered-by-1.0.0.tgz"
    },
    "hpkp": {
      "version": "2.0.0",
      "from": "hpkp@2.0.0",
      "resolved": "https://registry.npm.taobao.org/hpkp/download/hpkp-2.0.0.tgz"
    },
    "hsts": {
      "version": "2.1.0",
      "from": "hsts@2.1.0",
      "resolved": "https://registry.npm.taobao.org/hsts/download/hsts-2.1.0.tgz"
    },
    "http-errors": {
      "version": "1.6.1",
      "from": "http-errors@>=1.6.1 <1.7.0",
      "resolved": "https://registry.npm.taobao.org/http-errors/download/http-errors-1.6.1.tgz",
      "dependencies": {
        "depd": {
          "version": "1.1.0",
          "from": "depd@1.1.0",
          "resolved": "https://registry.npm.taobao.org/depd/download/depd-1.1.0.tgz"
        }
      }
    },
    "http-proxy": {
      "version": "1.16.2",
      "from": "http-proxy@>=1.16.2 <2.0.0",
      "resolved": "https://registry.npm.taobao.org/http-proxy/download/http-proxy-1.16.2.tgz"
    },
    "http-proxy-middleware": {
      "version": "0.17.4",
      "from": "http-proxy-middleware@>=0.17.3 <0.18.0",
      "resolved": "https://registry.npm.taobao.org/http-proxy-middleware/download/http-proxy-middleware-0.17.4.tgz"
    },
    "ienoopen": {
      "version": "1.0.0",
      "from": "ienoopen@1.0.0",
      "resolved": "https://registry.npm.taobao.org/ienoopen/download/ienoopen-1.0.0.tgz"
    },
    "inherits": {
      "version": "2.0.3",
      "from": "inherits@>=2.0.0 <3.0.0",
      "resolved": "https://registry.npmjs.org/inherits/-/inherits-2.0.3.tgz"
    },
    "ipaddr.js": {
      "version": "1.4.0",
      "from": "ipaddr.js@1.4.0",
      "resolved": "https://registry.npm.taobao.org/ipaddr.js/download/ipaddr.js-1.4.0.tgz"
    },
    "is-buffer": {
      "version": "1.1.5",
      "from": "is-buffer@>=1.1.5 <2.0.0",
      "resolved": "https://registry.npm.taobao.org/is-buffer/download/is-buffer-1.1.5.tgz"
    },
    "is-dotfile": {
      "version": "1.0.3",
      "from": "is-dotfile@>=1.0.0 <2.0.0",
      "resolved": "https://registry.npm.taobao.org/is-dotfile/download/is-dotfile-1.0.3.tgz"
    },
    "is-equal-shallow": {
      "version": "0.1.3",
      "from": "is-equal-shallow@>=0.1.3 <0.2.0",
      "resolved": "https://registry.npmjs.org/is-equal-shallow/-/is-equal-shallow-0.1.3.tgz"
    },
    "is-extendable": {
      "version": "0.1.1",
      "from": "is-extendable@>=0.1.1 <0.2.0",
      "resolved": "https://registry.npmjs.org/is-extendable/-/is-extendable-0.1.1.tgz"
    },
    "is-extglob": {
      "version": "2.1.1",
      "from": "is-extglob@>=2.1.0 <3.0.0",
      "resolved": "https://registry.npm.taobao.org/is-extglob/download/is-extglob-2.1.1.tgz"
    },
    "is-glob": {
      "version": "3.1.0",
      "from": "is-glob@>=3.1.0 <4.0.0",
      "resolved": "https://registry.npm.taobao.org/is-glob/download/is-glob-3.1.0.tgz"
    },
    "is-number": {
      "version": "2.1.0",
      "from": "is-number@>=2.1.0 <3.0.0",
      "resolved": "https://registry.npmjs.org/is-number/-/is-number-2.1.0.tgz"
    },
    "is-posix-bracket": {
      "version": "0.1.1",
      "from": "is-posix-bracket@>=0.1.0 <0.2.0",
      "resolved": "https://registry.npmjs.org/is-posix-bracket/-/is-posix-bracket-0.1.1.tgz"
    },
    "is-primitive": {
      "version": "2.0.0",
      "from": "is-primitive@>=2.0.0 <3.0.0",
      "resolved": "https://registry.npmjs.org/is-primitive/-/is-primitive-2.0.0.tgz"
    },
    "isobject": {
      "version": "2.1.0",
      "from": "isobject@>=2.0.0 <3.0.0",
      "resolved": "https://registry.npmjs.org/isobject/-/isobject-2.1.0.tgz",
      "dependencies": {
        "isarray": {
          "version": "1.0.0",
          "from": "isarray@1.0.0",
          "resolved": "https://registry.npmjs.org/isarray/-/isarray-1.0.0.tgz"
        }
      }
    },
    "isstream": {
      "version": "0.1.2",
      "from": "isstream@>=0.1.0 <0.2.0",
      "resolved": "https://registry.npm.taobao.org/isstream/download/isstream-0.1.2.tgz"
    },
    "keycode": {
      "version": "2.1.9",
      "from": "keycode@>=2.1.9 <3.0.0",
      "resolved": "https://registry.npm.taobao.org/keycode/download/keycode-2.1.9.tgz"
    },
    "kind-of": {
      "version": "3.2.2",
      "from": "kind-of@>=3.0.2 <4.0.0",
      "resolved": "https://registry.npm.taobao.org/kind-of/download/kind-of-3.2.2.tgz"
    },
    "lodash": {
      "version": "4.17.4",
      "from": "lodash@>=4.2.0 <5.0.0",
      "resolved": "https://registry.npm.taobao.org/lodash/download/lodash-4.17.4.tgz"
    },
    "lodash.reduce": {
      "version": "4.6.0",
      "from": "lodash.reduce@4.6.0",
      "resolved": "https://registry.npm.taobao.org/lodash.reduce/download/lodash.reduce-4.6.0.tgz"
    },
    "lodash.tolower": {
      "version": "4.1.2",
      "from": "lodash.tolower@>=4.1.2 <5.0.0",
      "resolved": "https://registry.npm.taobao.org/lodash.tolower/download/lodash.tolower-4.1.2.tgz"
    },
    "media-typer": {
      "version": "0.3.0",
      "from": "media-typer@0.3.0",
      "resolved": "https://registry.npm.taobao.org/media-typer/download/media-typer-0.3.0.tgz"
    },
    "merge-descriptors": {
      "version": "1.0.1",
      "from": "merge-descriptors@1.0.1",
      "resolved": "https://registry.npm.taobao.org/merge-descriptors/download/merge-descriptors-1.0.1.tgz"
    },
    "methods": {
      "version": "1.1.2",
      "from": "methods@>=1.1.2 <1.2.0",
      "resolved": "https://registry.npm.taobao.org/methods/download/methods-1.1.2.tgz"
    },
    "micromatch": {
      "version": "2.3.11",
      "from": "micromatch@>=2.3.11 <3.0.0",
      "resolved": "https://registry.npmjs.org/micromatch/-/micromatch-2.3.11.tgz",
      "dependencies": {
        "is-extglob": {
          "version": "1.0.0",
          "from": "is-extglob@>=1.0.0 <2.0.0",
          "resolved": "https://registry.npmjs.org/is-extglob/-/is-extglob-1.0.0.tgz"
        },
        "is-glob": {
          "version": "2.0.1",
          "from": "is-glob@>=2.0.1 <3.0.0",
          "resolved": "https://registry.npmjs.org/is-glob/-/is-glob-2.0.1.tgz"
        }
      }
    },
    "mime": {
      "version": "1.3.4",
      "from": "mime@1.3.4",
      "resolved": "https://registry.npm.taobao.org/mime/download/mime-1.3.4.tgz"
    },
    "mime-db": {
      "version": "1.29.0",
      "from": "mime-db@>=1.29.0 <1.30.0",
      "resolved": "https://registry.npm.taobao.org/mime-db/download/mime-db-1.29.0.tgz"
    },
    "mime-types": {
      "version": "2.1.16",
      "from": "mime-types@>=2.1.11 <2.2.0",
      "resolved": "https://registry.npm.taobao.org/mime-types/download/mime-types-2.1.16.tgz"
    },
    "ms": {
      "version": "2.0.0",
      "from": "ms@2.0.0",
      "resolved": "https://registry.npmjs.org/ms/-/ms-2.0.0.tgz"
    },
    "muse-ui": {
      "version": "2.1.0",
      "from": "muse-ui@>=2.1.0 <3.0.0",
      "resolved": "https://registry.npm.taobao.org/muse-ui/download/muse-ui-2.1.0.tgz"
    },
    "negotiator": {
      "version": "0.6.1",
      "from": "negotiator@0.6.1",
      "resolved": "https://registry.npm.taobao.org/negotiator/download/negotiator-0.6.1.tgz"
    },
    "nocache": {
      "version": "2.0.0",
      "from": "nocache@2.0.0",
      "resolved": "https://registry.npm.taobao.org/nocache/download/nocache-2.0.0.tgz"
    },
    "normalize-path": {
      "version": "2.1.1",
      "from": "normalize-path@>=2.0.1 <3.0.0",
      "resolved": "https://registry.npm.taobao.org/normalize-path/download/normalize-path-2.1.1.tgz"
    },
    "object.omit": {
      "version": "2.0.1",
      "from": "object.omit@>=2.0.0 <3.0.0",
      "resolved": "https://registry.npm.taobao.org/object.omit/download/object.omit-2.0.1.tgz"
    },
    "on-finished": {
      "version": "2.3.0",
      "from": "on-finished@>=2.3.0 <2.4.0",
      "resolved": "https://registry.npm.taobao.org/on-finished/download/on-finished-2.3.0.tgz"
    },
    "on-headers": {
      "version": "1.0.1",
      "from": "on-headers@>=1.0.1 <1.1.0",
      "resolved": "https://registry.npm.taobao.org/on-headers/download/on-headers-1.0.1.tgz"
    },
    "parse-glob": {
      "version": "3.0.4",
      "from": "parse-glob@>=3.0.4 <4.0.0",
      "resolved": "https://registry.npmjs.org/parse-glob/-/parse-glob-3.0.4.tgz",
      "dependencies": {
        "is-extglob": {
          "version": "1.0.0",
          "from": "is-extglob@>=1.0.0 <2.0.0",
          "resolved": "https://registry.npmjs.org/is-extglob/-/is-extglob-1.0.0.tgz"
        },
        "is-glob": {
          "version": "2.0.1",
          "from": "is-glob@>=2.0.0 <3.0.0",
          "resolved": "https://registry.npmjs.org/is-glob/-/is-glob-2.0.1.tgz"
        }
      }
    },
    "parseurl": {
      "version": "1.3.1",
      "from": "parseurl@>=1.3.1 <1.4.0",
      "resolved": "https://registry.npm.taobao.org/parseurl/download/parseurl-1.3.1.tgz"
    },
    "path-to-regexp": {
      "version": "0.1.7",
      "from": "path-to-regexp@0.1.7",
      "resolved": "https://registry.npm.taobao.org/path-to-regexp/download/path-to-regexp-0.1.7.tgz"
    },
    "platform": {
      "version": "1.3.4",
      "from": "platform@1.3.4",
      "resolved": "https://registry.npm.taobao.org/platform/download/platform-1.3.4.tgz"
    },
    "preserve": {
      "version": "0.2.0",
      "from": "preserve@>=0.2.0 <0.3.0",
      "resolved": "https://registry.npmjs.org/preserve/-/preserve-0.2.0.tgz"
    },
    "proxy-addr": {
      "version": "1.1.5",
      "from": "proxy-addr@>=1.1.4 <1.2.0",
      "resolved": "https://registry.npm.taobao.org/proxy-addr/download/proxy-addr-1.1.5.tgz"
    },
    "qs": {
      "version": "6.4.0",
      "from": "qs@6.4.0",
      "resolved": "https://registry.npm.taobao.org/qs/download/qs-6.4.0.tgz"
    },
    "randomatic": {
      "version": "1.1.7",
      "from": "randomatic@>=1.1.3 <2.0.0",
      "resolved": "https://registry.npm.taobao.org/randomatic/download/randomatic-1.1.7.tgz",
      "dependencies": {
        "is-number": {
          "version": "3.0.0",
          "from": "is-number@>=3.0.0 <4.0.0",
          "resolved": "https://registry.npm.taobao.org/is-number/download/is-number-3.0.0.tgz",
          "dependencies": {
            "kind-of": {
              "version": "3.2.2",
              "from": "kind-of@^3.0.2",
              "resolved": "http://registry.npm.taobao.org/kind-of/download/kind-of-3.2.2.tgz"
            }
          }
        },
        "kind-of": {
          "version": "4.0.0",
          "from": "kind-of@>=4.0.0 <5.0.0",
          "resolved": "https://registry.npm.taobao.org/kind-of/download/kind-of-4.0.0.tgz"
        }
      }
    },
    "range-parser": {
      "version": "1.2.0",
      "from": "range-parser@>=1.2.0 <1.3.0",
      "resolved": "https://registry.npm.taobao.org/range-parser/download/range-parser-1.2.0.tgz"
    },
    "referrer-policy": {
      "version": "1.1.0",
      "from": "referrer-policy@1.1.0",
      "resolved": "https://registry.npm.taobao.org/referrer-policy/download/referrer-policy-1.1.0.tgz"
    },
    "regex-cache": {
      "version": "0.4.3",
      "from": "regex-cache@>=0.4.2 <0.5.0",
      "resolved": "https://registry.npmjs.org/regex-cache/-/regex-cache-0.4.3.tgz"
    },
    "remove-trailing-separator": {
      "version": "1.0.2",
      "from": "remove-trailing-separator@>=1.0.1 <2.0.0",
      "resolved": "https://registry.npm.taobao.org/remove-trailing-separator/download/remove-trailing-separator-1.0.2.tgz"
    },
    "repeat-element": {
      "version": "1.1.2",
      "from": "repeat-element@>=1.1.2 <2.0.0",
      "resolved": "https://registry.npmjs.org/repeat-element/-/repeat-element-1.1.2.tgz"
    },
    "repeat-string": {
      "version": "1.6.1",
      "from": "repeat-string@>=1.5.2 <2.0.0",
      "resolved": "https://registry.npmjs.org/repeat-string/-/repeat-string-1.6.1.tgz"
    },
    "requires-port": {
      "version": "1.0.0",
      "from": "requires-port@>=1.0.0 <2.0.0",
      "resolved": "https://registry.npm.taobao.org/requires-port/download/requires-port-1.0.0.tgz"
    },
    "safe-buffer": {
      "version": "5.1.1",
      "from": "safe-buffer@>=5.1.1 <5.2.0",
      "resolved": "https://registry.npmjs.org/safe-buffer/-/safe-buffer-5.1.1.tgz"
    },
    "send": {
      "version": "0.15.3",
      "from": "send@0.15.3",
      "resolved": "https://registry.npm.taobao.org/send/download/send-0.15.3.tgz",
      "dependencies": {
        "debug": {
          "version": "2.6.7",
          "from": "debug@2.6.7",
          "resolved": "https://registry.npm.taobao.org/debug/download/debug-2.6.7.tgz"
        }
      }
    },
    "serve-static": {
      "version": "1.12.3",
      "from": "serve-static@1.12.3",
      "resolved": "https://registry.npm.taobao.org/serve-static/download/serve-static-1.12.3.tgz"
    },
    "setprototypeof": {
      "version": "1.0.3",
      "from": "setprototypeof@1.0.3",
      "resolved": "http://registry.npm.taobao.org/setprototypeof/download/setprototypeof-1.0.3.tgz"
    },
    "stack-trace": {
      "version": "0.0.10",
      "from": "stack-trace@>=0.0.0 <0.1.0",
      "resolved": "https://registry.npm.taobao.org/stack-trace/download/stack-trace-0.0.10.tgz"
    },
    "statuses": {
      "version": "1.3.1",
      "from": "statuses@>=1.3.1 <1.4.0",
      "resolved": "https://registry.npm.taobao.org/statuses/download/statuses-1.3.1.tgz"
    },
    "type-is": {
      "version": "1.6.15",
      "from": "type-is@>=1.6.15 <1.7.0",
      "resolved": "https://registry.npm.taobao.org/type-is/download/type-is-1.6.15.tgz"
    },
    "unpipe": {
      "version": "1.0.0",
      "from": "unpipe@>=1.0.0 <1.1.0",
      "resolved": "https://registry.npm.taobao.org/unpipe/download/unpipe-1.0.0.tgz"
    },
    "utils-merge": {
      "version": "1.0.0",
      "from": "utils-merge@1.0.0",
      "resolved": "https://registry.npm.taobao.org/utils-merge/download/utils-merge-1.0.0.tgz"
    },
    "vary": {
      "version": "1.1.1",
      "from": "vary@>=1.1.1 <1.2.0",
      "resolved": "https://registry.npm.taobao.org/vary/download/vary-1.1.1.tgz"
    },
    "vue": {
      "version": "2.4.2",
      "from": "vue@>=2.3.3 <3.0.0",
      "resolved": "https://registry.npm.taobao.org/vue/download/vue-2.4.2.tgz"
    },
    "vue-router": {
      "version": "2.7.0",
      "from": "vue-router@>=2.6.0 <3.0.0",
      "resolved": "https://registry.npm.taobao.org/vue-router/download/vue-router-2.7.0.tgz"
    },
    "vue-spinner": {
      "version": "1.0.2",
      "from": "vue-spinner@>=1.0.2 <2.0.0",
      "resolved": "https://registry.npm.taobao.org/vue-spinner/download/vue-spinner-1.0.2.tgz"
    },
    "vuex": {
      "version": "2.3.1",
      "from": "vuex@>=2.3.1 <3.0.0",
      "resolved": "https://registry.npm.taobao.org/vuex/download/vuex-2.3.1.tgz"
    },
    "winston": {
      "version": "2.3.1",
      "from": "winston@latest",
      "resolved": "https://registry.npm.taobao.org/winston/download/winston-2.3.1.tgz",
      "dependencies": {
        "async": {
          "version": "1.0.0",
          "from": "async@>=1.0.0 <1.1.0",
          "resolved": "https://registry.npm.taobao.org/async/download/async-1.0.0.tgz"
        },
        "colors": {
          "version": "1.0.3",
          "from": "colors@>=1.0.0 <1.1.0",
          "resolved": "https://registry.npm.taobao.org/colors/download/colors-1.0.3.tgz"
        }
      }
    },
    "x-xss-protection": {
      "version": "1.0.0",
      "from": "x-xss-protection@1.0.0",
      "resolved": "https://registry.npm.taobao.org/x-xss-protection/download/x-xss-protection-1.0.0.tgz"
    }
  }
}
